<?xml version="1.0" encoding="utf-8"?>
<Project ToolsVersion="4.0" xmlns="http://schemas.microsoft.com/developer/msbuild/2003">
  <ItemGroup>
    <Filter Include="Form Files">
      <UniqueIdentifier>{99349809-55BA-4b9d-BF79-8FDBB0286EB3}</UniqueIdentifier>
      <Extensions>ui</Extensions>
      <ParseFiles>false</ParseFiles>
    </Filter>
    <Filter Include="Form Files">
      <UniqueIdentifier>{99349809-55BA-4b9d-BF79-8FDBB0286EB3}</UniqueIdentifier>
      <Extensions>ui</Extensions>
      <ParseFiles>false</ParseFiles>
    </Filter>
    <Filter Include="Generated Files">
      <UniqueIdentifier>{71ED8ED8-ACB9-4CE9-BBE1-E00B30144E11}</UniqueIdentifier>
      <Extensions>cpp;c;cxx;moc;h;def;odl;idl;res;</Extensions>
    </Filter>
    <Filter Include="Generated Files">
      <UniqueIdentifier>{71ED8ED8-ACB9-4CE9-BBE1-E00B30144E11}</UniqueIdentifier>
      <Extensions>cpp;c;cxx;moc;h;def;odl;idl;res;</Extensions>
    </Filter>
    <Filter Include="Header Files">
      <UniqueIdentifier>{93995380-89BD-4b04-88EB-625FBE52EBFB}</UniqueIdentifier>
      <Extensions>h;hpp;hxx;hm;inl;inc;xsd</Extensions>
    </Filter>
    <Filter Include="Header Files">
      <UniqueIdentifier>{93995380-89BD-4b04-88EB-625FBE52EBFB}</UniqueIdentifier>
      <Extensions>h;hpp;hxx;hm;inl;inc;xsd</Extensions>
    </Filter>
    <Filter Include="Source Files">
      <UniqueIdentifier>{4FC737F1-C7A5-4376-A066-2A32D752A2FF}</UniqueIdentifier>
      <Extensions>cpp;c;cxx;def;odl;idl;hpj;bat;asm;asmx</Extensions>
    </Filter>
    <Filter Include="Source Files">
      <UniqueIdentifier>{4FC737F1-C7A5-4376-A066-2A32D752A2FF}</UniqueIdentifier>
      <Extensions>cpp;c;cxx;def;odl;idl;hpj;bat;asm;asmx</Extensions>
    </Filter>
    <Filter Include="Generated Files\Debug">
      <UniqueIdentifier>{1f65af06-0b3d-493a-8ea6-1ba245a8a109}</UniqueIdentifier>
      <Extensions>cpp;moc</Extensions>
      <SourceControlFiles>False</SourceControlFiles>
    </Filter>
    <Filter Include="Generated Files\Release">
      <UniqueIdentifier>{46f08ed0-18dd-4549-bbfb-b5801e1ac38d}</UniqueIdentifier>
      <Extensions>cpp;moc</Extensions>
      <SourceControlFiles>False</SourceControlFiles>
    </Filter>
    <Filter Include="Header Files\test">
      <UniqueIdentifier>{dbfffb21-99f6-4093-b185-7e7139d46c70}</UniqueIdentifier>
    </Filter>
    <Filter Include="Source Files\test">
      <UniqueIdentifier>{8fab191e-8e19-4914-9489-3ed5aed3578f}</UniqueIdentifier>
    </Filter>
  </ItemGroup>
  <ItemGroup>
    <ClCompile Include="main.cpp">
      <Filter>Source Files</Filter>
    </ClCompile>
    <ClCompile Include="mainwindow.cpp">
      <Filter>Source Files</Filter>
    </ClCompile>
    <ClCompile Include="GeneratedFiles\Debug\moc_mainwindow.cpp">
      <Filter>Generated Files\Debug</Filter>
    </ClCompile>
    <ClCompile Include="GeneratedFiles\Release\moc_mainwindow.cpp">
      <Filter>Generated Files\Release</Filter>
    </ClCompile>
    <ClCompile Include="DirectedEdge.cpp">
      <Filter>Source Files</Filter>
    </ClCompile>
    <ClCompile Include="DirectedGraph.cpp">
      <Filter>Source Files</Filter>
    </ClCompile>
    <ClCompile Include="DirectedNode.cpp">
      <Filter>Source Files</Filter>
    </ClCompile>
    <ClCompile Include="Matcher.cpp">
      <Filter>Source Files</Filter>
    </ClCompile>
    <ClCompile Include="NFA.cpp">
      <Filter>Source Files</Filter>
    </ClCompile>
    <ClCompile Include="Replacer.cpp">
      <Filter>Source Files</Filter>
    </ClCompile>
    <ClCompile Include="test\DirectedGraphTest.cpp">
      <Filter>Source Files\test</Filter>
    </ClCompile>
    <ClCompile Include="test\NFATest.cpp">
      <Filter>Source Files\test</Filter>
    </ClCompile>
  </ItemGroup>
  <ItemGroup>
    <CustomBuild Include="mainwindow.h">
      <Filter>Header Files</Filter>
    </CustomBuild>
    <CustomBuild Include="GeneratedFiles\ui_mainwindow.h">
      <Filter>Generated Files</Filter>
    </CustomBuild>
  </ItemGroup>
  <ItemGroup>
    <CustomBuild Include="debug\moc_predefs.h.cbt">
      <Filter>Generated Files</Filter>
    </CustomBuild>
    <CustomBuild Include="release\moc_predefs.h.cbt">
      <Filter>Generated Files</Filter>
    </CustomBuild>
  </ItemGroup>
  <ItemGroup>
    <CustomBuild Include="mainwindow.ui">
      <Filter>Form Files</Filter>
    </CustomBuild>
  </ItemGroup>
  <ItemGroup>
    <ClInclude Include="DirectedEdge.h">
      <Filter>Header Files</Filter>
    </ClInclude>
    <ClInclude Include="DirectedGraph.h">
      <Filter>Header Files</Filter>
    </ClInclude>
    <ClInclude Include="DirectedNode.h">
      <Filter>Header Files</Filter>
    </ClInclude>
    <ClInclude Include="Matcher.h">
      <Filter>Header Files</Filter>
    </ClInclude>
    <ClInclude Include="NFA.h">
      <Filter>Header Files</Filter>
    </ClInclude>
    <ClInclude Include="Replacer.h">
      <Filter>Header Files</Filter>
    </ClInclude>
    <ClInclude Include="RegexTestFramework.h">
      <Filter>Header Files</Filter>
    </ClInclude>
    <ClInclude Include="test\CompileErrorTest.h">
      <Filter>Header Files\test</Filter>
    </ClInclude>
    <ClInclude Include="test\CompileNormalTest.h">
      <Filter>Header Files\test</Filter>
    </ClInclude>
    <ClInclude Include="test\DirectedGraphTest.h">
      <Filter>Header Files\test</Filter>
    </ClInclude>
    <ClInclude Include="test\MatchTest.h">
      <Filter>Header Files\test</Filter>
    </ClInclude>
    <ClInclude Include="test\NFATest.h">
      <Filter>Header Files\test</Filter>
    </ClInclude>
    <ClInclude Include="test\PreProcessErrorTest.h">
      <Filter>Header Files\test</Filter>
    </ClInclude>
    <ClInclude Include="test\PreProcessNormalTest.h">
      <Filter>Header Files\test</Filter>
    </ClInclude>
    <ClInclude Include="test\SearchTest.h">
      <Filter>Header Files\test</Filter>
    </ClInclude>
    <ClInclude Include="resource.h">
      <Filter>Generated Files</Filter>
    </ClInclude>
  </ItemGroup>
  <ItemGroup>
    <ResourceCompile Include="RegexUI.rc" />
  </ItemGroup>
  <ItemGroup>
    <Image Include="regex.ico" />
  </ItemGroup>
</Project>